
Microsoft Visual Studio Solution File, Format Version 12.00
# Visual Studio Version 17
VisualStudioVersion = 17.1.32210.238
MinimumVisualStudioVersion = 10.0.40219.1
Project("{888888A0-9F3D-457C-B088-3A5042F75D52}") = "Quiz", "Quiz.pyproj", "{2141B38F-F514-43BB-BB11-AA2EBB4CEB54}"
EndProject
Global
	GlobalSection(SolutionConfigurationPlatforms) = preSolution
		Debug|Any CPU = Debug|Any CPU
		Release|Any CPU = Release|Any CPU
	EndGlobalSection
	GlobalSection(ProjectConfigurationPlatforms) = postSolution
		{2141B38F-F514-43BB-BB11-AA2EBB4CEB54}.Debug|Any CPU.ActiveCfg = Debug|Any CPU
		{2141B38F-F514-43BB-BB11-AA2EBB4CEB54}.Release|Any CPU.ActiveCfg = Release|Any CPU
	EndGlobalSection
	GlobalSection(SolutionProperties) = preSolution
		HideSolutionNode = FALSE
	EndGlobalSection
	GlobalSection(ExtensibilityGlobals) = postSolution
		SolutionGuid = {CE19CA56-8A0B-4340-8105-BA1A9CB5D09A}
	EndGlobalSection
EndGlobal
